// !$*UTF8*$!
{
	archiveVersion = 1;
	classes = {
	};
	objectVersion = 56;
	objects = {

/* Begin PBXBuildFile section */
		7BC7B81129ACE540009C66C7 /* pmPresApp.swift in Sources */ = {isa = PBXBuildFile; fileRef = 7BC7B81029ACE540009C66C7 /* pmPresApp.swift */; };
		7BC7B81329ACE540009C66C7 /* ContentView.swift in Sources */ = {isa = PBXBuildFile; fileRef = 7BC7B81229ACE540009C66C7 /* ContentView.swift */; };
		7BC7B81529ACE542009C66C7 /* Assets.xcassets in Resources */ = {isa = PBXBuildFile; fileRef = 7BC7B81429ACE542009C66C7 /* Assets.xcassets */; };
		7BC7B81829ACE542009C66C7 /* Preview Assets.xcassets in Resources */ = {isa = PBXBuildFile; fileRef = 7BC7B81729ACE542009C66C7 /* Preview Assets.xcassets */; };
		7BC7B82B29ACF2A9009C66C7 /* Fakery in Frameworks */ = {isa = PBXBuildFile; productRef = 7BC7B82A29ACF2A9009C66C7 /* Fakery */; };
		7BC7B82D29ACF464009C66C7 /* Model.swift in Sources */ = {isa = PBXBuildFile; fileRef = 7BC7B82C29ACF464009C66C7 /* Model.swift */; };
		7BC7B82F29ACF544009C66C7 /* CompanyViewRow.swift in Sources */ = {isa = PBXBuildFile; fileRef = 7BC7B82E29ACF544009C66C7 /* CompanyViewRow.swift */; };
/* End PBXBuildFile section */

/* Begin PBXFileReference section */
		7BC7B80D29ACE540009C66C7 /* pmPres.app */ = {isa = PBXFileReference; explicitFileType = wrapper.application; includeInIndex = 0; path = pmPres.app; sourceTree = BUILT_PRODUCTS_DIR; };
		7BC7B81029ACE540009C66C7 /* pmPresApp.swift */ = {isa = PBXFileReference; lastKnownFileType = sourcecode.swift; path = pmPresApp.swift; sourceTree = "<group>"; };
		7BC7B81229ACE540009C66C7 /* ContentView.swift */ = {isa = PBXFileReference; lastKnownFileType = sourcecode.swift; path = ContentView.swift; sourceTree = "<group>"; };
		7BC7B81429ACE542009C66C7 /* Assets.xcassets */ = {isa = PBXFileReference; lastKnownFileType = folder.assetcatalog; path = Assets.xcassets; sourceTree = "<group>"; };
		7BC7B81729ACE542009C66C7 /* Preview Assets.xcassets */ = {isa = PBXFileReference; lastKnownFileType = folder.assetcatalog; path = "Preview Assets.xcassets"; sourceTree = "<group>"; };
		7BC7B82C29ACF464009C66C7 /* Model.swift */ = {isa = PBXFileReference; lastKnownFileType = sourcecode.swift; path = Model.swift; sourceTree = "<group>"; };
		7BC7B82E29ACF544009C66C7 /* CompanyViewRow.swift */ = {isa = PBXFileReference; lastKnownFileType = sourcecode.swift; path = CompanyViewRow.swift; sourceTree = "<group>"; };
/* End PBXFileReference section */

/* Begin PBXFrameworksBuildPhase section */
		7BC7B80A29ACE540009C66C7 /* Frameworks */ = {
			isa = PBXFrameworksBuildPhase;
			buildActionMask = 2147483647;
			files = (
				7BC7B82B29ACF2A9009C66C7 /* Fakery in Frameworks */,
			);
			runOnlyForDeploymentPostprocessing = 0;
		};
/* End PBXFrameworksBuildPhase section */

/* Begin PBXGroup section */
		7BC7B80429ACE540009C66C7 = {
			isa = PBXGroup;
			children = (
				7BC7B80F29ACE540009C66C7 /* pmPres */,
				7BC7B80E29ACE540009C66C7 /* Products */,
			);
			sourceTree = "<group>";
		};
		7BC7B80E29ACE540009C66C7 /* Products */ = {
			isa = PBXGroup;
			children = (
				7BC7B80D29ACE540009C66C7 /* pmPres.app */,
			);
			name = Products;
			sourceTree = "<group>";
		};
		7BC7B80F29ACE540009C66C7 /* pmPres */ = {
			isa = PBXGroup;
			children = (
				7BC7B81029ACE540009C66C7 /* pmPresApp.swift */,
				7BC7B83129AD0613009C66C7 /* Model */,
				7BC7B83029AD0605009C66C7 /* Views */,
				7BC7B81429ACE542009C66C7 /* Assets.xcassets */,
				7BC7B81629ACE542009C66C7 /* Preview Content */,
			);
			path = pmPres;
			sourceTree = "<group>";
		};
		7BC7B81629ACE542009C66C7 /* Preview Content */ = {
			isa = PBXGroup;
			children = (
				7BC7B81729ACE542009C66C7 /* Preview Assets.xcassets */,
			);
			path = "Preview Content";
			sourceTree = "<group>";
		};
		7BC7B83029AD0605009C66C7 /* Views */ = {
			isa = PBXGroup;
			children = (
				7BC7B81229ACE540009C66C7 /* ContentView.swift */,
				7BC7B82E29ACF544009C66C7 /* CompanyViewRow.swift */,
			);
			path = Views;
			sourceTree = "<group>";
		};
		7BC7B83129AD0613009C66C7 /* Model */ = {
			isa = PBXGroup;
			children = (
				7BC7B82C29ACF464009C66C7 /* Model.swift */,
			);
			path = Model;
			sourceTree = "<group>";
		};
/* End PBXGroup section */

/* Begin PBXNativeTarget section */
		7BC7B80C29ACE540009C66C7 /* pmPres */ = {
			isa = PBXNativeTarget;
			buildConfigurationList = 7BC7B81B29ACE542009C66C7 /* Build configuration list for PBXNativeTarget "pmPres" */;
			buildPhases = (
				7BC7B80929ACE540009C66C7 /* Sources */,
				7BC7B80A29ACE540009C66C7 /* Frameworks */,
				7BC7B80B29ACE540009C66C7 /* Resources */,
			);
			buildRules = (
			);
			dependencies = (
			);
			name = pmPres;
			packageProductDependencies = (
				7BC7B82A29ACF2A9009C66C7 /* Fakery */,
			);
			productName = pmPres;
			productReference = 7BC7B80D29ACE540009C66C7 /* pmPres.app */;
			productType = "com.apple.product-type.application";
		};
/* End PBXNativeTarget section */

/* Begin PBXProject section */
		7BC7B80529ACE540009C66C7 /* Project object */ = {
			isa = PBXProject;
			attributes = {
				BuildIndependentTargetsInParallel = 1;
				LastSwiftUpdateCheck = 1420;
				LastUpgradeCheck = 1420;
				TargetAttributes = {
					7BC7B80C29ACE540009C66C7 = {
						CreatedOnToolsVersion = 14.2;
					};
				};
			};
			buildConfigurationList = 7BC7B80829ACE540009C66C7 /* Build configuration list for PBXProject "pmPres" */;
			compatibilityVersion = "Xcode 14.0";
			developmentRegion = en;
			hasScannedForEncodings = 0;
			knownRegions = (
				en,
				Base,
			);
			mainGroup = 7BC7B80429ACE540009C66C7;
			packageReferences = (
				7BC7B82929ACF2A9009C66C7 /* XCRemoteSwiftPackageReference "Fakery" */,
			);
			productRefGroup = 7BC7B80E29ACE540009C66C7 /* Products */;
			projectDirPath = "";
			projectRoot = "";
			targets = (
				7BC7B80C29ACE540009C66C7 /* pmPres */,
			);
		};
/* End PBXProject section */

/* Begin PBXResourcesBuildPhase section */
		7BC7B80B29ACE540009C66C7 /* Resources */ = {
			isa = PBXResourcesBuildPhase;
			buildActionMask = 2147483647;
			files = (
				7BC7B81829ACE542009C66C7 /* Preview Assets.xcassets in Resources */,
				7BC7B81529ACE542009C66C7 /* Assets.xcassets in Resources */,
			);
			runOnlyForDeploymentPostprocessing = 0;
		};
/* End PBXResourcesBuildPhase section */

/* Begin PBXSourcesBuildPhase section */
		7BC7B80929ACE540009C66C7 /* Sources */ = {
			isa = PBXSourcesBuildPhase;
			buildActionMask = 2147483647;
			files = (
				7BC7B82D29ACF464009C66C7 /* Model.swift in Sources */,
				7BC7B82F29ACF544009C66C7 /* CompanyViewRow.swift in Sources */,
				7BC7B81329ACE540009C66C7 /* ContentView.swift in Sources */,
				7BC7B81129ACE540009C66C7 /* pmPresApp.swift in Sources */,
			);
			runOnlyForDeploymentPostprocessing = 0;
		};
/* End PBXSourcesBuildPhase section */

/* Begin XCBuildConfiguration section */
		7BC7B81929ACE542009C66C7 /* Debug */ = {
			isa = XCBuildConfiguration;
			buildSettings = {
				ALWAYS_SEARCH_USER_PATHS = NO;
				CLANG_ANALYZER_NONNULL = YES;
				CLANG_ANALYZER_NUMBER_OBJECT_CONVERSION = YES_AGGRESSIVE;
				CLANG_CXX_LANGUAGE_STANDARD = "gnu++20";
				CLANG_ENABLE_MODULES = YES;
				CLANG_ENABLE_OBJC_ARC = YES;
				CLANG_ENABLE_OBJC_WEAK = YES;
				CLANG_WARN_BLOCK_CAPTURE_AUTORELEASING = YES;
				CLANG_WARN_BOOL_CONVERSION = YES;
				CLANG_WARN_COMMA = YES;
				CLANG_WARN_CONSTANT_CONVERSION = YES;
				CLANG_WARN_DEPRECATED_OBJC_IMPLEMENTATIONS = YES;
				CLANG_WARN_DIRECT_OBJC_ISA_USAGE = YES_ERROR;
				CLANG_WARN_DOCUMENTATION_COMMENTS = YES;
				CLANG_WARN_EMPTY_BODY = YES;
				CLANG_WARN_ENUM_CONVERSION = YES;
				CLANG_WARN_INFINITE_RECURSION = YES;
				CLANG_WARN_INT_CONVERSION = YES;
				CLANG_WARN_NON_LITERAL_NULL_CONVERSION = YES;
				CLANG_WARN_OBJC_IMPLICIT_RETAIN_SELF = YES;
				CLANG_WARN_OBJC_LITERAL_CONVERSION = YES;
				CLANG_WARN_OBJC_ROOT_CLASS = YES_ERROR;
				CLANG_WARN_QUOTED_INCLUDE_IN_FRAMEWORK_HEADER = YES;
				CLANG_WARN_RANGE_LOOP_ANALYSIS = YES;
				CLANG_WARN_STRICT_PROTOTYPES = YES;
				CLANG_WARN_SUSPICIOUS_MOVE = YES;
				CLANG_WARN_UNGUARDED_AVAILABILITY = YES_AGGRESSIVE;
				CLANG_WARN_UNREACHABLE_CODE = YES;
				CLANG_WARN__DUPLICATE_METHOD_MATCH = YES;
				COPY_PHASE_STRIP = NO;
				DEBUG_INFORMATION_FORMAT = dwarf;
				ENABLE_STRICT_OBJC_MSGSEND = YES;
				ENABLE_TESTABILITY = YES;
				GCC_C_LANGUAGE_STANDARD = gnu11;
				GCC_DYNAMIC_NO_PIC = NO;
				GCC_NO_COMMON_BLOCKS = YES;
				GCC_OPTIMIZATION_LEVEL = 0;
				GCC_PREPROCESSOR_DEFINITIONS = (
					"DEBUG=1",
					"$(inherited)",
				);
				GCC_WARN_64_TO_32_BIT_CONVERSION = YES;
				GCC_WARN_ABOUT_RETURN_TYPE = YES_ERROR;
				GCC_WARN_UNDECLARED_SELECTOR = YES;
				GCC_WARN_UNINITIALIZED_AUTOS = YES_AGGRESSIVE;
				GCC_WARN_UNUSED_FUNCTION = YES;
				GCC_WARN_UNUSED_VARIABLE = YES;
				IPHONEOS_DEPLOYMENT_TARGET = 16.2;
				MTL_ENABLE_DEBUG_INFO = INCLUDE_SOURCE;
				MTL_FAST_MATH = YES;
				ONLY_ACTIVE_ARCH = YES;
				SDKROOT = iphoneos;
				SWIFT_ACTIVE_COMPILATION_CONDITIONS = DEBUG;
				SWIFT_OPTIMIZATION_LEVEL = "-Onone";
			};
			name = Debug;
		};
		7BC7B81A29ACE542009C66C7 /* Release */ = {
			isa = XCBuildConfiguration;
			buildSettings = {
				ALWAYS_SEARCH_USER_PATHS = NO;
				CLANG_ANALYZER_NONNULL = YES;
				CLANG_ANALYZER_NUMBER_OBJECT_CONVERSION = YES_AGGRESSIVE;
				CLANG_CXX_LANGUAGE_STANDARD = "gnu++20";
				CLANG_ENABLE_MODULES = YES;
				CLANG_ENABLE_OBJC_ARC = YES;
				CLANG_ENABLE_OBJC_WEAK = YES;
				CLANG_WARN_BLOCK_CAPTURE_AUTORELEASING = YES;
				CLANG_WARN_BOOL_CONVERSION = YES;
				CLANG_WARN_COMMA = YES;
				CLANG_WARN_CONSTANT_CONVERSION = YES;
				CLANG_WARN_DEPRECATED_OBJC_IMPLEMENTATIONS = YES;
				CLANG_WARN_DIRECT_OBJC_ISA_USAGE = YES_ERROR;
				CLANG_WARN_DOCUMENTATION_COMMENTS = YES;
				CLANG_WARN_EMPTY_BODY = YES;
				CLANG_WARN_ENUM_CONVERSION = YES;
				CLANG_WARN_INFINITE_RECURSION = YES;
				CLANG_WARN_INT_CONVERSION = YES;
				CLANG_WARN_NON_LITERAL_NULL_CONVERSION = YES;
				CLANG_WARN_OBJC_IMPLICIT_RETAIN_SELF = YES;
				CLANG_WARN_OBJC_LITERAL_CONVERSION = YES;
				CLANG_WARN_OBJC_ROOT_CLASS = YES_ERROR;
				CLANG_WARN_QUOTED_INCLUDE_IN_FRAMEWORK_HEADER = YES;
				CLANG_WARN_RANGE_LOOP_ANALYSIS = YES;
				CLANG_WARN_STRICT_PROTOTYPES = YES;
				CLANG_WARN_SUSPICIOUS_MOVE = YES;
				CLANG_WARN_UNGUARDED_AVAILABILITY = YES_AGGRESSIVE;
				CLANG_WARN_UNREACHABLE_CODE = YES;
				CLANG_WARN__DUPLICATE_METHOD_MATCH = YES;
				COPY_PHASE_STRIP = NO;
				DEBUG_INFORMATION_FORMAT = "dwarf-with-dsym";
				ENABLE_NS_ASSERTIONS = NO;
				ENABLE_STRICT_OBJC_MSGSEND = YES;
				GCC_C_LANGUAGE_STANDARD = gnu11;
				GCC_NO_COMMON_BLOCKS = YES;
				GCC_WARN_64_TO_32_BIT_CONVERSION = YES;
				GCC_WARN_ABOUT_RETURN_TYPE = YES_ERROR;
				GCC_WARN_UNDECLARED_SELECTOR = YES;
				GCC_WARN_UNINITIALIZED_AUTOS = YES_AGGRESSIVE;
				GCC_WARN_UNUSED_FUNCTION = YES;
				GCC_WARN_UNUSED_VARIABLE = YES;
				IPHONEOS_DEPLOYMENT_TARGET = 16.2;
				MTL_ENABLE_DEBUG_INFO = NO;
				MTL_FAST_MATH = YES;
				SDKROOT = iphoneos;
				SWIFT_COMPILATION_MODE = wholemodule;
				SWIFT_OPTIMIZATION_LEVEL = "-O";
				VALIDATE_PRODUCT = YES;
			};
			name = Release;
		};
		7BC7B81C29ACE542009C66C7 /* Debug */ = {
			isa = XCBuildConfiguration;
			buildSettings = {
				ASSETCATALOG_COMPILER_APPICON_NAME = AppIcon;
				ASSETCATALOG_COMPILER_GLOBAL_ACCENT_COLOR_NAME = AccentColor;
				CODE_SIGN_STYLE = Automatic;
				CURRENT_PROJECT_VERSION = 1;
				DEVELOPMENT_ASSET_PATHS = "\"pmPres/Preview Content\"";
				DEVELOPMENT_TEAM = Y928KDJ3DV;
				ENABLE_PREVIEWS = YES;
				GENERATE_INFOPLIST_FILE = YES;
				INFOPLIST_KEY_UIApplicationSceneManifest_Generation = YES;
				INFOPLIST_KEY_UIApplicationSupportsIndirectInputEvents = YES;
				INFOPLIST_KEY_UILaunchScreen_Generation = YES;
				INFOPLIST_KEY_UISupportedInterfaceOrientations_iPad = "UIInterfaceOrientationPortrait UIInterfaceOrientationPortraitUpsideDown UIInterfaceOrientationLandscapeLeft UIInterfaceOrientationLandscapeRight";
				INFOPLIST_KEY_UISupportedInterfaceOrientations_iPhone = "UIInterfaceOrientationPortrait UIInterfaceOrientationLandscapeLeft UIInterfaceOrientationLandscapeRight";
				LD_RUNPATH_SEARCH_PATHS = (
					"$(inherited)",
					"@executable_path/Frameworks",
				);
				MARKETING_VERSION = 1.0;
				PRODUCT_BUNDLE_IDENTIFIER = com.sylvainclement.pmPres;
				PRODUCT_NAME = "$(TARGET_NAME)";
				SWIFT_EMIT_LOC_STRINGS = YES;
				SWIFT_VERSION = 5.0;
				TARGETED_DEVICE_FAMILY = "1,2";
			};
			name = Debug;
		};
		7BC7B81D29ACE542009C66C7 /* Release */ = {
			isa = XCBuildConfiguration;
			buildSettings = {
				ASSETCATALOG_COMPILER_APPICON_NAME = AppIcon;
				ASSETCATALOG_COMPILER_GLOBAL_ACCENT_COLOR_NAME = AccentColor;
				CODE_SIGN_STYLE = Automatic;
				CURRENT_PROJECT_VERSION = 1;
				DEVELOPMENT_ASSET_PATHS = "\"pmPres/Preview Content\"";
				DEVELOPMENT_TEAM = Y928KDJ3DV;
				ENABLE_PREVIEWS = YES;
				GENERATE_INFOPLIST_FILE = YES;
				INFOPLIST_KEY_UIApplicationSceneManifest_Generation = YES;
				INFOPLIST_KEY_UIApplicationSupportsIndirectInputEvents = YES;
				INFOPLIST_KEY_UILaunchScreen_Generation = YES;
				INFOPLIST_KEY_UISupportedInterfaceOrientations_iPad = "UIInterfaceOrientationPortrait UIInterfaceOrientationPortraitUpsideDown UIInterfaceOrientationLandscapeLeft UIInterfaceOrientationLandscapeRight";
				INFOPLIST_KEY_UISupportedInterfaceOrientations_iPhone = "UIInterfaceOrientationPortrait UIInterfaceOrientationLandscapeLeft UIInterfaceOrientationLandscapeRight";
				LD_RUNPATH_SEARCH_PATHS = (
					"$(inherited)",
					"@executable_path/Frameworks",
				);
				MARKETING_VERSION = 1.0;
				PRODUCT_BUNDLE_IDENTIFIER = com.sylvainclement.pmPres;
				PRODUCT_NAME = "$(TARGET_NAME)";
				SWIFT_EMIT_LOC_STRINGS = YES;
				SWIFT_VERSION = 5.0;
				TARGETED_DEVICE_FAMILY = "1,2";
			};
			name = Release;
		};
/* End XCBuildConfiguration section */

/* Begin XCConfigurationList section */
		7BC7B80829ACE540009C66C7 /* Build configuration list for PBXProject "pmPres" */ = {
			isa = XCConfigurationList;
			buildConfigurations = (
				7BC7B81929ACE542009C66C7 /* Debug */,
				7BC7B81A29ACE542009C66C7 /* Release */,
			);
			defaultConfigurationIsVisible = 0;
			defaultConfigurationName = Release;
		};
		7BC7B81B29ACE542009C66C7 /* Build configuration list for PBXNativeTarget "pmPres" */ = {
			isa = XCConfigurationList;
			buildConfigurations = (
				7BC7B81C29ACE542009C66C7 /* Debug */,
				7BC7B81D29ACE542009C66C7 /* Release */,
			);
			defaultConfigurationIsVisible = 0;
			defaultConfigurationName = Release;
		};
/* End XCConfigurationList section */

/* Begin XCRemoteSwiftPackageReference section */
		7BC7B82929ACF2A9009C66C7 /* XCRemoteSwiftPackageReference "Fakery" */ = {
			isa = XCRemoteSwiftPackageReference;
			repositoryURL = "https://github.com/vadymmarkov/Fakery";
			requirement = {
				kind = upToNextMajorVersion;
				minimumVersion = 5.0.0;
			};
		};
/* End XCRemoteSwiftPackageReference section */

/* Begin XCSwiftPackageProductDependency section */
		7BC7B82A29ACF2A9009C66C7 /* Fakery */ = {
			isa = XCSwiftPackageProductDependency;
			package = 7BC7B82929ACF2A9009C66C7 /* XCRemoteSwiftPackageReference "Fakery" */;
			productName = Fakery;
		};
/* End XCSwiftPackageProductDependency section */
	};
	rootObject = 7BC7B80529ACE540009C66C7 /* Project object */;
}
